
Microsoft Visual Studio Solution File, Format Version 12.00
# Visual Studio Version 17
VisualStudioVersion = 17.1.32319.34
MinimumVisualStudioVersion = 10.0.40219.1
Project("{9A19103F-16F7-4668-BE54-9A1E7A4F7556}") = "SticksAndStones", "SticksAndStones\SticksAndStones.csproj", "{00580E3A-F7D4-429C-8F12-F9A9B8921531}"
EndProject
Project("{FAE04EC0-301F-11D3-BF4B-00C04F79EFBC}") = "TankUnitTest", "TankUnitTest\TankUnitTest.csproj", "{CEAAE7FB-EAB2-4703-98DE-B09C4C4AD5D4}"
EndProject
Global
	GlobalSection(SolutionConfigurationPlatforms) = preSolution
		Debug|Any CPU = Debug|Any CPU
		Release|Any CPU = Release|Any CPU
	EndGlobalSection
	GlobalSection(ProjectConfigurationPlatforms) = postSolution
		{00580E3A-F7D4-429C-8F12-F9A9B8921531}.Debug|Any CPU.ActiveCfg = Debug|Any CPU
		{00580E3A-F7D4-429C-8F12-F9A9B8921531}.Debug|Any CPU.Build.0 = Debug|Any CPU
		{00580E3A-F7D4-429C-8F12-F9A9B8921531}.Release|Any CPU.ActiveCfg = Release|Any CPU
		{00580E3A-F7D4-429C-8F12-F9A9B8921531}.Release|Any CPU.Build.0 = Release|Any CPU
		{CEAAE7FB-EAB2-4703-98DE-B09C4C4AD5D4}.Debug|Any CPU.ActiveCfg = Debug|Any CPU
		{CEAAE7FB-EAB2-4703-98DE-B09C4C4AD5D4}.Debug|Any CPU.Build.0 = Debug|Any CPU
		{CEAAE7FB-EAB2-4703-98DE-B09C4C4AD5D4}.Release|Any CPU.ActiveCfg = Release|Any CPU
		{CEAAE7FB-EAB2-4703-98DE-B09C4C4AD5D4}.Release|Any CPU.Build.0 = Release|Any CPU
	EndGlobalSection
	GlobalSection(SolutionProperties) = preSolution
		HideSolutionNode = FALSE
	EndGlobalSection
	GlobalSection(ExtensibilityGlobals) = postSolution
		SolutionGuid = {7305C5BB-989C-4956-81F3-CF20DEF3A1AE}
	EndGlobalSection
EndGlobal
